
Microsoft Visual Studio Solution File, Format Version 12.00
# Visual Studio Version 17
VisualStudioVersion = 17.7.34024.191
MinimumVisualStudioVersion = 10.0.40219.1
Project("{FAE04EC0-301F-11D3-BF4B-00C04F79EFBC}") = "bodyMass", "bodyMass\bodyMass.csproj", "{24E3CFCF-D1A6-493C-BD78-B69A40F363C0}"
EndProject
Global
	GlobalSection(SolutionConfigurationPlatforms) = preSolution
		Debug|Any CPU = Debug|Any CPU
		Release|Any CPU = Release|Any CPU
	EndGlobalSection
	GlobalSection(ProjectConfigurationPlatforms) = postSolution
		{24E3CFCF-D1A6-493C-BD78-B69A40F363C0}.Debug|Any CPU.ActiveCfg = Debug|Any CPU
		{24E3CFCF-D1A6-493C-BD78-B69A40F363C0}.Debug|Any CPU.Build.0 = Debug|Any CPU
		{24E3CFCF-D1A6-493C-BD78-B69A40F363C0}.Release|Any CPU.ActiveCfg = Release|Any CPU
		{24E3CFCF-D1A6-493C-BD78-B69A40F363C0}.Release|Any CPU.Build.0 = Release|Any CPU
	EndGlobalSection
	GlobalSection(SolutionProperties) = preSolution
		HideSolutionNode = FALSE
	EndGlobalSection
	GlobalSection(ExtensibilityGlobals) = postSolution
		SolutionGuid = {E672CE40-7D6B-4DCF-BF12-FFD01A6B4F06}
	EndGlobalSection
EndGlobal
